
Microsoft Visual Studio Solution File, Format Version 12.00
# Visual Studio Version 17
VisualStudioVersion = 17.11.35222.181
MinimumVisualStudioVersion = 10.0.40219.1
Project("{FAE04EC0-301F-11D3-BF4B-00C04F79EFBC}") = "Task1_SergoruchnayaRina", "Task1_SergoruchnayaRina.csproj", "{429AA30E-4C7B-4227-8107-DD4B577CCE3F}"
EndProject
Global
	GlobalSection(SolutionConfigurationPlatforms) = preSolution
		Debug|Any CPU = Debug|Any CPU
		Release|Any CPU = Release|Any CPU
	EndGlobalSection
	GlobalSection(ProjectConfigurationPlatforms) = postSolution
		{429AA30E-4C7B-4227-8107-DD4B577CCE3F}.Debug|Any CPU.ActiveCfg = Debug|Any CPU
		{429AA30E-4C7B-4227-8107-DD4B577CCE3F}.Debug|Any CPU.Build.0 = Debug|Any CPU
		{429AA30E-4C7B-4227-8107-DD4B577CCE3F}.Release|Any CPU.ActiveCfg = Release|Any CPU
		{429AA30E-4C7B-4227-8107-DD4B577CCE3F}.Release|Any CPU.Build.0 = Release|Any CPU
	EndGlobalSection
	GlobalSection(SolutionProperties) = preSolution
		HideSolutionNode = FALSE
	EndGlobalSection
	GlobalSection(ExtensibilityGlobals) = postSolution
		SolutionGuid = {B6CBDE05-C99C-4CFC-9A70-96879E72E717}
	EndGlobalSection
EndGlobal
